<?xml version="1.0" encoding="utf-8"?>
<Project ToolsVersion="4.0" xmlns="http://schemas.microsoft.com/developer/msbuild/2003">
  <ItemGroup>
    <Filter Include="소스 파일">
      <UniqueIdentifier>{4FC737F1-C7A5-4376-A066-2A32D752A2FF}</UniqueIdentifier>
      <Extensions>cpp;c;cc;cxx;c++;cppm;ixx;def;odl;idl;hpj;bat;asm;asmx</Extensions>
    </Filter>
    <Filter Include="헤더 파일">
      <UniqueIdentifier>{93995380-89BD-4b04-88EB-625FBE52EBFB}</UniqueIdentifier>
      <Extensions>h;hh;hpp;hxx;h++;hm;inl;inc;ipp;xsd</Extensions>
    </Filter>
    <Filter Include="리소스 파일">
      <UniqueIdentifier>{67DA6AB6-F800-4c08-8B7A-83BB121AAD01}</UniqueIdentifier>
      <Extensions>rc;ico;cur;bmp;dlg;rc2;rct;bin;rgs;gif;jpg;jpeg;jpe;resx;tiff;tif;png;wav;mfcribbon-ms</Extensions>
    </Filter>
    <Filter Include="소스 파일\Pipe">
      <UniqueIdentifier>{c444a989-8411-4d99-ac9b-90db9eb04923}</UniqueIdentifier>
    </Filter>
    <Filter Include="헤더 파일\Pipe">
      <UniqueIdentifier>{c86d3e1e-e7b3-4c94-bd2e-f8d156fcdef1}</UniqueIdentifier>
    </Filter>
    <Filter Include="소스 파일\SharedMemory">
      <UniqueIdentifier>{e3631c1e-c8c8-41c2-ad03-91782509b9cf}</UniqueIdentifier>
    </Filter>
    <Filter Include="헤더 파일\SharedMemory">
      <UniqueIdentifier>{2d580ac1-7efd-4440-87b4-8bdf3ad0d395}</UniqueIdentifier>
    </Filter>
    <Filter Include="소스 파일\Mutex">
      <UniqueIdentifier>{23e2105b-7420-4c80-97fa-251d8da7b46f}</UniqueIdentifier>
    </Filter>
    <Filter Include="헤더 파일\Mutex">
      <UniqueIdentifier>{604e68c4-33e9-4236-beb7-4f38f0cd26cf}</UniqueIdentifier>
    </Filter>
    <Filter Include="소스 파일\Thread">
      <UniqueIdentifier>{860a4866-95b2-408d-9e20-26968f6ecd88}</UniqueIdentifier>
    </Filter>
    <Filter Include="헤더 파일\Thread">
      <UniqueIdentifier>{95601b0e-5db1-4b22-9d47-d2d420fbd9fb}</UniqueIdentifier>
    </Filter>
    <Filter Include="소스 파일\Logger">
      <UniqueIdentifier>{50db55d2-039a-480c-841e-4d03fc54c4ea}</UniqueIdentifier>
    </Filter>
    <Filter Include="헤더 파일\Logger">
      <UniqueIdentifier>{3feea795-eebe-46de-a745-db14b8f17feb}</UniqueIdentifier>
    </Filter>
  </ItemGroup>
  <ItemGroup>
    <ClInclude Include="..\WinCommEx\PipeProtocol.h">
      <Filter>헤더 파일\Pipe</Filter>
    </ClInclude>
    <ClInclude Include="..\WinCommEx\PipeServer.h">
      <Filter>헤더 파일\Pipe</Filter>
    </ClInclude>
    <ClInclude Include="..\WinCommEx\PipeClient.h">
      <Filter>헤더 파일\Pipe</Filter>
    </ClInclude>
    <ClInclude Include="..\WinCommEx\framework.h">
      <Filter>헤더 파일</Filter>
    </ClInclude>
    <ClInclude Include="..\WinCommEx\Export.h">
      <Filter>헤더 파일</Filter>
    </ClInclude>
    <ClInclude Include="Mutex.h">
      <Filter>헤더 파일\Mutex</Filter>
    </ClInclude>
    <ClInclude Include="ScopedMutexLock.h">
      <Filter>헤더 파일\Mutex</Filter>
    </ClInclude>
    <ClInclude Include="FileLogger.h">
      <Filter>헤더 파일\Logger</Filter>
    </ClInclude>
    <ClInclude Include="ObfusFileLogger.h">
      <Filter>헤더 파일\Logger</Filter>
    </ClInclude>
  </ItemGroup>
  <ItemGroup>
    <ClCompile Include="..\WinCommEx\PipeServer.cpp">
      <Filter>소스 파일\Pipe</Filter>
    </ClCompile>
    <ClCompile Include="..\WinCommEx\PipeClient.cpp">
      <Filter>소스 파일\Pipe</Filter>
    </ClCompile>
    <ClCompile Include="..\WinCommEx\dllmain.cpp">
      <Filter>소스 파일</Filter>
    </ClCompile>
    <ClCompile Include="Mutex.cpp">
      <Filter>소스 파일\Mutex</Filter>
    </ClCompile>
    <ClCompile Include="ScopedMutexLock.cpp">
      <Filter>소스 파일\Mutex</Filter>
    </ClCompile>
    <ClCompile Include="FileLogger.cpp">
      <Filter>소스 파일\Logger</Filter>
    </ClCompile>
    <ClCompile Include="ObfusFileLogger.cpp">
      <Filter>소스 파일\Logger</Filter>
    </ClCompile>
  </ItemGroup>
</Project>